{
  "name": "spell-checker",
  "version": "1.0.0",
  "lockfileVersion": 1,
  "requires": true,
  "dependencies": {
    "typo-js": {
      "version": "1.2.1",
      "resolved": "http://bnpm.byted.org/typo-js/-/typo-js-1.2.1.tgz",
      "integrity": "sha512-bTGLjbD3WqZDR3CgEFkyi9Q/SS2oM29ipXrWfDb4M74ea69QwKAECVceYpaBu0GfdnASMg9Qfl67ttB23nePHg=="
    }
  }
}
